// !$*UTF8*$!
{
	archiveVersion = 1;
	classes = {
	};
	objectVersion = 56;
	objects = {

/* Begin PBXBuildFile section */
		090B2089290124AA002861F8 /* NotificationTableViewController.swift in Sources */ = {isa = PBXBuildFile; fileRef = 090B2088290124AA002861F8 /* NotificationTableViewController.swift */; };
		090B208B290136AF002861F8 /* CommentTableViewCell.swift in Sources */ = {isa = PBXBuildFile; fileRef = 090B208A290136AF002861F8 /* CommentTableViewCell.swift */; };
		090B208E29013D3F002861F8 /* Model.swift in Sources */ = {isa = PBXBuildFile; fileRef = 090B208D29013D3F002861F8 /* Model.swift */; };
		09F1E1972901F37A000BDDB6 /* NSMutableAttributedString+Extension.swift in Sources */ = {isa = PBXBuildFile; fileRef = 09F1E1962901F37A000BDDB6 /* NSMutableAttributedString+Extension.swift */; };
		09F1E1992901F718000BDDB6 /* String+Extension.swift in Sources */ = {isa = PBXBuildFile; fileRef = 09F1E1982901F718000BDDB6 /* String+Extension.swift */; };
		09F1E19C2901FFF7000BDDB6 /* SubscribeTableViewCell.swift in Sources */ = {isa = PBXBuildFile; fileRef = 09F1E19B2901FFF7000BDDB6 /* SubscribeTableViewCell.swift */; };
		09FCEED028FD3A8F000F641E /* AppDelegate.swift in Sources */ = {isa = PBXBuildFile; fileRef = 09FCEECF28FD3A8F000F641E /* AppDelegate.swift */; };
		09FCEED228FD3A8F000F641E /* SceneDelegate.swift in Sources */ = {isa = PBXBuildFile; fileRef = 09FCEED128FD3A8F000F641E /* SceneDelegate.swift */; };
		09FCEED428FD3A8F000F641E /* HomeViewController.swift in Sources */ = {isa = PBXBuildFile; fileRef = 09FCEED328FD3A8F000F641E /* HomeViewController.swift */; };
		09FCEED728FD3A8F000F641E /* Main.storyboard in Resources */ = {isa = PBXBuildFile; fileRef = 09FCEED528FD3A8F000F641E /* Main.storyboard */; };
		09FCEED928FD3A92000F641E /* Assets.xcassets in Resources */ = {isa = PBXBuildFile; fileRef = 09FCEED828FD3A92000F641E /* Assets.xcassets */; };
		09FCEEDC28FD3A92000F641E /* LaunchScreen.storyboard in Resources */ = {isa = PBXBuildFile; fileRef = 09FCEEDA28FD3A92000F641E /* LaunchScreen.storyboard */; };
		09FCEEE728FF26D2000F641E /* StoriesTableViewCell.swift in Sources */ = {isa = PBXBuildFile; fileRef = 09FCEEE628FF26D2000F641E /* StoriesTableViewCell.swift */; };
		09FCEEE928FF26F3000F641E /* PostTableViewCell.swift in Sources */ = {isa = PBXBuildFile; fileRef = 09FCEEE828FF26F3000F641E /* PostTableViewCell.swift */; };
		09FCEEEB28FF270F000F641E /* RecomendTableViewCell.swift in Sources */ = {isa = PBXBuildFile; fileRef = 09FCEEEA28FF270F000F641E /* RecomendTableViewCell.swift */; };
/* End PBXBuildFile section */

/* Begin PBXFileReference section */
		090B2088290124AA002861F8 /* NotificationTableViewController.swift */ = {isa = PBXFileReference; lastKnownFileType = sourcecode.swift; path = NotificationTableViewController.swift; sourceTree = "<group>"; };
		090B208A290136AF002861F8 /* CommentTableViewCell.swift */ = {isa = PBXFileReference; lastKnownFileType = sourcecode.swift; path = CommentTableViewCell.swift; sourceTree = "<group>"; };
		090B208D29013D3F002861F8 /* Model.swift */ = {isa = PBXFileReference; lastKnownFileType = sourcecode.swift; path = Model.swift; sourceTree = "<group>"; };
		09F1E1962901F37A000BDDB6 /* NSMutableAttributedString+Extension.swift */ = {isa = PBXFileReference; lastKnownFileType = sourcecode.swift; path = "NSMutableAttributedString+Extension.swift"; sourceTree = "<group>"; };
		09F1E1982901F718000BDDB6 /* String+Extension.swift */ = {isa = PBXFileReference; lastKnownFileType = sourcecode.swift; path = "String+Extension.swift"; sourceTree = "<group>"; };
		09F1E19B2901FFF7000BDDB6 /* SubscribeTableViewCell.swift */ = {isa = PBXFileReference; lastKnownFileType = sourcecode.swift; path = SubscribeTableViewCell.swift; sourceTree = "<group>"; };
		09FCEECC28FD3A8F000F641E /* myInstagram.app */ = {isa = PBXFileReference; explicitFileType = wrapper.application; includeInIndex = 0; path = myInstagram.app; sourceTree = BUILT_PRODUCTS_DIR; };
		09FCEECF28FD3A8F000F641E /* AppDelegate.swift */ = {isa = PBXFileReference; lastKnownFileType = sourcecode.swift; path = AppDelegate.swift; sourceTree = "<group>"; };
		09FCEED128FD3A8F000F641E /* SceneDelegate.swift */ = {isa = PBXFileReference; lastKnownFileType = sourcecode.swift; path = SceneDelegate.swift; sourceTree = "<group>"; };
		09FCEED328FD3A8F000F641E /* HomeViewController.swift */ = {isa = PBXFileReference; lastKnownFileType = sourcecode.swift; path = HomeViewController.swift; sourceTree = "<group>"; };
		09FCEED628FD3A8F000F641E /* Base */ = {isa = PBXFileReference; lastKnownFileType = file.storyboard; name = Base; path = Base.lproj/Main.storyboard; sourceTree = "<group>"; };
		09FCEED828FD3A92000F641E /* Assets.xcassets */ = {isa = PBXFileReference; lastKnownFileType = folder.assetcatalog; path = Assets.xcassets; sourceTree = "<group>"; };
		09FCEEDB28FD3A92000F641E /* Base */ = {isa = PBXFileReference; lastKnownFileType = file.storyboard; name = Base; path = Base.lproj/LaunchScreen.storyboard; sourceTree = "<group>"; };
		09FCEEDD28FD3A92000F641E /* Info.plist */ = {isa = PBXFileReference; lastKnownFileType = text.plist.xml; path = Info.plist; sourceTree = "<group>"; };
		09FCEEE628FF26D2000F641E /* StoriesTableViewCell.swift */ = {isa = PBXFileReference; lastKnownFileType = sourcecode.swift; path = StoriesTableViewCell.swift; sourceTree = "<group>"; };
		09FCEEE828FF26F3000F641E /* PostTableViewCell.swift */ = {isa = PBXFileReference; lastKnownFileType = sourcecode.swift; path = PostTableViewCell.swift; sourceTree = "<group>"; };
		09FCEEEA28FF270F000F641E /* RecomendTableViewCell.swift */ = {isa = PBXFileReference; lastKnownFileType = sourcecode.swift; path = RecomendTableViewCell.swift; sourceTree = "<group>"; };
/* End PBXFileReference section */

/* Begin PBXFrameworksBuildPhase section */
		09FCEEC928FD3A8F000F641E /* Frameworks */ = {
			isa = PBXFrameworksBuildPhase;
			buildActionMask = 2147483647;
			files = (
			);
			runOnlyForDeploymentPostprocessing = 0;
		};
/* End PBXFrameworksBuildPhase section */

/* Begin PBXGroup section */
		090B20822901216C002861F8 /* View */ = {
			isa = PBXGroup;
			children = (
				090B208A290136AF002861F8 /* CommentTableViewCell.swift */,
				09F1E19B2901FFF7000BDDB6 /* SubscribeTableViewCell.swift */,
			);
			path = View;
			sourceTree = "<group>";
		};
		090B2083290123CC002861F8 /* View */ = {
			isa = PBXGroup;
			children = (
				09FCEEE628FF26D2000F641E /* StoriesTableViewCell.swift */,
				09FCEEE828FF26F3000F641E /* PostTableViewCell.swift */,
				09FCEEEA28FF270F000F641E /* RecomendTableViewCell.swift */,
			);
			path = View;
			sourceTree = "<group>";
		};
		090B2084290123E4002861F8 /* NotificationViewController */ = {
			isa = PBXGroup;
			children = (
				090B208729012478002861F8 /* Controller */,
				090B20822901216C002861F8 /* View */,
			);
			path = NotificationViewController;
			sourceTree = "<group>";
		};
		090B20852901241C002861F8 /* HomeViewController */ = {
			isa = PBXGroup;
			children = (
				090B208629012458002861F8 /* Controller */,
				090B2083290123CC002861F8 /* View */,
			);
			path = HomeViewController;
			sourceTree = "<group>";
		};
		090B208629012458002861F8 /* Controller */ = {
			isa = PBXGroup;
			children = (
				09FCEED328FD3A8F000F641E /* HomeViewController.swift */,
			);
			path = Controller;
			sourceTree = "<group>";
		};
		090B208729012478002861F8 /* Controller */ = {
			isa = PBXGroup;
			children = (
				090B2088290124AA002861F8 /* NotificationTableViewController.swift */,
			);
			path = Controller;
			sourceTree = "<group>";
		};
		090B208C29013CF4002861F8 /* Model */ = {
			isa = PBXGroup;
			children = (
				090B208D29013D3F002861F8 /* Model.swift */,
			);
			path = Model;
			sourceTree = "<group>";
		};
		09F1E19A2901FC5C000BDDB6 /* Extension */ = {
			isa = PBXGroup;
			children = (
				09F1E1962901F37A000BDDB6 /* NSMutableAttributedString+Extension.swift */,
				09F1E1982901F718000BDDB6 /* String+Extension.swift */,
			);
			path = Extension;
			sourceTree = "<group>";
		};
		09FCEEC328FD3A8F000F641E = {
			isa = PBXGroup;
			children = (
				09FCEECE28FD3A8F000F641E /* myInstagram */,
				09FCEECD28FD3A8F000F641E /* Products */,
			);
			sourceTree = "<group>";
		};
		09FCEECD28FD3A8F000F641E /* Products */ = {
			isa = PBXGroup;
			children = (
				09FCEECC28FD3A8F000F641E /* myInstagram.app */,
			);
			name = Products;
			sourceTree = "<group>";
		};
		09FCEECE28FD3A8F000F641E /* myInstagram */ = {
			isa = PBXGroup;
			children = (
				09F1E19A2901FC5C000BDDB6 /* Extension */,
				090B208C29013CF4002861F8 /* Model */,
				090B20852901241C002861F8 /* HomeViewController */,
				090B2084290123E4002861F8 /* NotificationViewController */,
				09FCEECF28FD3A8F000F641E /* AppDelegate.swift */,
				09FCEED128FD3A8F000F641E /* SceneDelegate.swift */,
				09FCEED528FD3A8F000F641E /* Main.storyboard */,
				09FCEED828FD3A92000F641E /* Assets.xcassets */,
				09FCEEDA28FD3A92000F641E /* LaunchScreen.storyboard */,
				09FCEEDD28FD3A92000F641E /* Info.plist */,
			);
			path = myInstagram;
			sourceTree = "<group>";
		};
/* End PBXGroup section */

/* Begin PBXNativeTarget section */
		09FCEECB28FD3A8F000F641E /* myInstagram */ = {
			isa = PBXNativeTarget;
			buildConfigurationList = 09FCEEE028FD3A92000F641E /* Build configuration list for PBXNativeTarget "myInstagram" */;
			buildPhases = (
				09FCEEC828FD3A8F000F641E /* Sources */,
				09FCEEC928FD3A8F000F641E /* Frameworks */,
				09FCEECA28FD3A8F000F641E /* Resources */,
				09FCEEE328FD3AC2000F641E /* SwiftLint */,
			);
			buildRules = (
			);
			dependencies = (
			);
			name = myInstagram;
			productName = myInstagram;
			productReference = 09FCEECC28FD3A8F000F641E /* myInstagram.app */;
			productType = "com.apple.product-type.application";
		};
/* End PBXNativeTarget section */

/* Begin PBXProject section */
		09FCEEC428FD3A8F000F641E /* Project object */ = {
			isa = PBXProject;
			attributes = {
				BuildIndependentTargetsInParallel = 1;
				LastSwiftUpdateCheck = 1400;
				LastUpgradeCheck = 1400;
				TargetAttributes = {
					09FCEECB28FD3A8F000F641E = {
						CreatedOnToolsVersion = 14.0.1;
					};
				};
			};
			buildConfigurationList = 09FCEEC728FD3A8F000F641E /* Build configuration list for PBXProject "myInstagram" */;
			compatibilityVersion = "Xcode 14.0";
			developmentRegion = en;
			hasScannedForEncodings = 0;
			knownRegions = (
				en,
				Base,
			);
			mainGroup = 09FCEEC328FD3A8F000F641E;
			productRefGroup = 09FCEECD28FD3A8F000F641E /* Products */;
			projectDirPath = "";
			projectRoot = "";
			targets = (
				09FCEECB28FD3A8F000F641E /* myInstagram */,
			);
		};
/* End PBXProject section */

/* Begin PBXResourcesBuildPhase section */
		09FCEECA28FD3A8F000F641E /* Resources */ = {
			isa = PBXResourcesBuildPhase;
			buildActionMask = 2147483647;
			files = (
				09FCEEDC28FD3A92000F641E /* LaunchScreen.storyboard in Resources */,
				09FCEED928FD3A92000F641E /* Assets.xcassets in Resources */,
				09FCEED728FD3A8F000F641E /* Main.storyboard in Resources */,
			);
			runOnlyForDeploymentPostprocessing = 0;
		};
/* End PBXResourcesBuildPhase section */

/* Begin PBXShellScriptBuildPhase section */
		09FCEEE328FD3AC2000F641E /* SwiftLint */ = {
			isa = PBXShellScriptBuildPhase;
			buildActionMask = 2147483647;
			files = (
			);
			inputFileListPaths = (
			);
			inputPaths = (
			);
			name = SwiftLint;
			outputFileListPaths = (
			);
			outputPaths = (
			);
			runOnlyForDeploymentPostprocessing = 0;
			shellPath = /bin/sh;
			shellScript = "export PATH=\"$PATH:/opt/homebrew/bin\"\nif which swiftlint > /dev/null; then\n  swiftlint\nelse\n  echo \"warning: SwiftLint not installed, download from https://github.com/realm/SwiftLint\"\nfi\n";
		};
/* End PBXShellScriptBuildPhase section */

/* Begin PBXSourcesBuildPhase section */
		09FCEEC828FD3A8F000F641E /* Sources */ = {
			isa = PBXSourcesBuildPhase;
			buildActionMask = 2147483647;
			files = (
				09F1E19C2901FFF7000BDDB6 /* SubscribeTableViewCell.swift in Sources */,
				09FCEEEB28FF270F000F641E /* RecomendTableViewCell.swift in Sources */,
				09F1E1992901F718000BDDB6 /* String+Extension.swift in Sources */,
				09FCEED428FD3A8F000F641E /* HomeViewController.swift in Sources */,
				09F1E1972901F37A000BDDB6 /* NSMutableAttributedString+Extension.swift in Sources */,
				090B2089290124AA002861F8 /* NotificationTableViewController.swift in Sources */,
				090B208B290136AF002861F8 /* CommentTableViewCell.swift in Sources */,
				09FCEEE728FF26D2000F641E /* StoriesTableViewCell.swift in Sources */,
				09FCEEE928FF26F3000F641E /* PostTableViewCell.swift in Sources */,
				09FCEED028FD3A8F000F641E /* AppDelegate.swift in Sources */,
				090B208E29013D3F002861F8 /* Model.swift in Sources */,
				09FCEED228FD3A8F000F641E /* SceneDelegate.swift in Sources */,
			);
			runOnlyForDeploymentPostprocessing = 0;
		};
/* End PBXSourcesBuildPhase section */

/* Begin PBXVariantGroup section */
		09FCEED528FD3A8F000F641E /* Main.storyboard */ = {
			isa = PBXVariantGroup;
			children = (
				09FCEED628FD3A8F000F641E /* Base */,
			);
			name = Main.storyboard;
			sourceTree = "<group>";
		};
		09FCEEDA28FD3A92000F641E /* LaunchScreen.storyboard */ = {
			isa = PBXVariantGroup;
			children = (
				09FCEEDB28FD3A92000F641E /* Base */,
			);
			name = LaunchScreen.storyboard;
			sourceTree = "<group>";
		};
/* End PBXVariantGroup section */

/* Begin XCBuildConfiguration section */
		09FCEEDE28FD3A92000F641E /* Debug */ = {
			isa = XCBuildConfiguration;
			buildSettings = {
				ALWAYS_SEARCH_USER_PATHS = NO;
				CLANG_ANALYZER_NONNULL = YES;
				CLANG_ANALYZER_NUMBER_OBJECT_CONVERSION = YES_AGGRESSIVE;
				CLANG_CXX_LANGUAGE_STANDARD = "gnu++20";
				CLANG_ENABLE_MODULES = YES;
				CLANG_ENABLE_OBJC_ARC = YES;
				CLANG_ENABLE_OBJC_WEAK = YES;
				CLANG_WARN_BLOCK_CAPTURE_AUTORELEASING = YES;
				CLANG_WARN_BOOL_CONVERSION = YES;
				CLANG_WARN_COMMA = YES;
				CLANG_WARN_CONSTANT_CONVERSION = YES;
				CLANG_WARN_DEPRECATED_OBJC_IMPLEMENTATIONS = YES;
				CLANG_WARN_DIRECT_OBJC_ISA_USAGE = YES_ERROR;
				CLANG_WARN_DOCUMENTATION_COMMENTS = YES;
				CLANG_WARN_EMPTY_BODY = YES;
				CLANG_WARN_ENUM_CONVERSION = YES;
				CLANG_WARN_INFINITE_RECURSION = YES;
				CLANG_WARN_INT_CONVERSION = YES;
				CLANG_WARN_NON_LITERAL_NULL_CONVERSION = YES;
				CLANG_WARN_OBJC_IMPLICIT_RETAIN_SELF = YES;
				CLANG_WARN_OBJC_LITERAL_CONVERSION = YES;
				CLANG_WARN_OBJC_ROOT_CLASS = YES_ERROR;
				CLANG_WARN_QUOTED_INCLUDE_IN_FRAMEWORK_HEADER = YES;
				CLANG_WARN_RANGE_LOOP_ANALYSIS = YES;
				CLANG_WARN_STRICT_PROTOTYPES = YES;
				CLANG_WARN_SUSPICIOUS_MOVE = YES;
				CLANG_WARN_UNGUARDED_AVAILABILITY = YES_AGGRESSIVE;
				CLANG_WARN_UNREACHABLE_CODE = YES;
				CLANG_WARN__DUPLICATE_METHOD_MATCH = YES;
				COPY_PHASE_STRIP = NO;
				DEBUG_INFORMATION_FORMAT = dwarf;
				ENABLE_STRICT_OBJC_MSGSEND = YES;
				ENABLE_TESTABILITY = YES;
				GCC_C_LANGUAGE_STANDARD = gnu11;
				GCC_DYNAMIC_NO_PIC = NO;
				GCC_NO_COMMON_BLOCKS = YES;
				GCC_OPTIMIZATION_LEVEL = 0;
				GCC_PREPROCESSOR_DEFINITIONS = (
					"DEBUG=1",
					"$(inherited)",
				);
				GCC_WARN_64_TO_32_BIT_CONVERSION = YES;
				GCC_WARN_ABOUT_RETURN_TYPE = YES_ERROR;
				GCC_WARN_UNDECLARED_SELECTOR = YES;
				GCC_WARN_UNINITIALIZED_AUTOS = YES_AGGRESSIVE;
				GCC_WARN_UNUSED_FUNCTION = YES;
				GCC_WARN_UNUSED_VARIABLE = YES;
				IPHONEOS_DEPLOYMENT_TARGET = 16.0;
				MTL_ENABLE_DEBUG_INFO = INCLUDE_SOURCE;
				MTL_FAST_MATH = YES;
				ONLY_ACTIVE_ARCH = YES;
				SDKROOT = iphoneos;
				SWIFT_ACTIVE_COMPILATION_CONDITIONS = DEBUG;
				SWIFT_OPTIMIZATION_LEVEL = "-Onone";
			};
			name = Debug;
		};
		09FCEEDF28FD3A92000F641E /* Release */ = {
			isa = XCBuildConfiguration;
			buildSettings = {
				ALWAYS_SEARCH_USER_PATHS = NO;
				CLANG_ANALYZER_NONNULL = YES;
				CLANG_ANALYZER_NUMBER_OBJECT_CONVERSION = YES_AGGRESSIVE;
				CLANG_CXX_LANGUAGE_STANDARD = "gnu++20";
				CLANG_ENABLE_MODULES = YES;
				CLANG_ENABLE_OBJC_ARC = YES;
				CLANG_ENABLE_OBJC_WEAK = YES;
				CLANG_WARN_BLOCK_CAPTURE_AUTORELEASING = YES;
				CLANG_WARN_BOOL_CONVERSION = YES;
				CLANG_WARN_COMMA = YES;
				CLANG_WARN_CONSTANT_CONVERSION = YES;
				CLANG_WARN_DEPRECATED_OBJC_IMPLEMENTATIONS = YES;
				CLANG_WARN_DIRECT_OBJC_ISA_USAGE = YES_ERROR;
				CLANG_WARN_DOCUMENTATION_COMMENTS = YES;
				CLANG_WARN_EMPTY_BODY = YES;
				CLANG_WARN_ENUM_CONVERSION = YES;
				CLANG_WARN_INFINITE_RECURSION = YES;
				CLANG_WARN_INT_CONVERSION = YES;
				CLANG_WARN_NON_LITERAL_NULL_CONVERSION = YES;
				CLANG_WARN_OBJC_IMPLICIT_RETAIN_SELF = YES;
				CLANG_WARN_OBJC_LITERAL_CONVERSION = YES;
				CLANG_WARN_OBJC_ROOT_CLASS = YES_ERROR;
				CLANG_WARN_QUOTED_INCLUDE_IN_FRAMEWORK_HEADER = YES;
				CLANG_WARN_RANGE_LOOP_ANALYSIS = YES;
				CLANG_WARN_STRICT_PROTOTYPES = YES;
				CLANG_WARN_SUSPICIOUS_MOVE = YES;
				CLANG_WARN_UNGUARDED_AVAILABILITY = YES_AGGRESSIVE;
				CLANG_WARN_UNREACHABLE_CODE = YES;
				CLANG_WARN__DUPLICATE_METHOD_MATCH = YES;
				COPY_PHASE_STRIP = NO;
				DEBUG_INFORMATION_FORMAT = "dwarf-with-dsym";
				ENABLE_NS_ASSERTIONS = NO;
				ENABLE_STRICT_OBJC_MSGSEND = YES;
				GCC_C_LANGUAGE_STANDARD = gnu11;
				GCC_NO_COMMON_BLOCKS = YES;
				GCC_WARN_64_TO_32_BIT_CONVERSION = YES;
				GCC_WARN_ABOUT_RETURN_TYPE = YES_ERROR;
				GCC_WARN_UNDECLARED_SELECTOR = YES;
				GCC_WARN_UNINITIALIZED_AUTOS = YES_AGGRESSIVE;
				GCC_WARN_UNUSED_FUNCTION = YES;
				GCC_WARN_UNUSED_VARIABLE = YES;
				IPHONEOS_DEPLOYMENT_TARGET = 16.0;
				MTL_ENABLE_DEBUG_INFO = NO;
				MTL_FAST_MATH = YES;
				SDKROOT = iphoneos;
				SWIFT_COMPILATION_MODE = wholemodule;
				SWIFT_OPTIMIZATION_LEVEL = "-O";
				VALIDATE_PRODUCT = YES;
			};
			name = Release;
		};
		09FCEEE128FD3A92000F641E /* Debug */ = {
			isa = XCBuildConfiguration;
			buildSettings = {
				ASSETCATALOG_COMPILER_APPICON_NAME = AppIcon;
				ASSETCATALOG_COMPILER_GLOBAL_ACCENT_COLOR_NAME = AccentColor;
				CODE_SIGN_STYLE = Automatic;
				CURRENT_PROJECT_VERSION = 1;
				DEVELOPMENT_TEAM = 3639YJ5CGC;
				GENERATE_INFOPLIST_FILE = YES;
				INFOPLIST_FILE = myInstagram/Info.plist;
				INFOPLIST_KEY_UIApplicationSupportsIndirectInputEvents = YES;
				INFOPLIST_KEY_UILaunchStoryboardName = LaunchScreen;
				INFOPLIST_KEY_UIMainStoryboardFile = Main;
				INFOPLIST_KEY_UISupportedInterfaceOrientations_iPad = "UIInterfaceOrientationPortrait UIInterfaceOrientationPortraitUpsideDown UIInterfaceOrientationLandscapeLeft UIInterfaceOrientationLandscapeRight";
				INFOPLIST_KEY_UISupportedInterfaceOrientations_iPhone = "UIInterfaceOrientationPortrait UIInterfaceOrientationLandscapeLeft UIInterfaceOrientationLandscapeRight";
				LD_RUNPATH_SEARCH_PATHS = (
					"$(inherited)",
					"@executable_path/Frameworks",
				);
				MARKETING_VERSION = 1.0;
				PRODUCT_BUNDLE_IDENTIFIER = ilentiy.myInstagram;
				PRODUCT_NAME = "$(TARGET_NAME)";
				SWIFT_EMIT_LOC_STRINGS = YES;
				SWIFT_VERSION = 5.0;
				TARGETED_DEVICE_FAMILY = "1,2";
			};
			name = Debug;
		};
		09FCEEE228FD3A92000F641E /* Release */ = {
			isa = XCBuildConfiguration;
			buildSettings = {
				ASSETCATALOG_COMPILER_APPICON_NAME = AppIcon;
				ASSETCATALOG_COMPILER_GLOBAL_ACCENT_COLOR_NAME = AccentColor;
				CODE_SIGN_STYLE = Automatic;
				CURRENT_PROJECT_VERSION = 1;
				DEVELOPMENT_TEAM = 3639YJ5CGC;
				GENERATE_INFOPLIST_FILE = YES;
				INFOPLIST_FILE = myInstagram/Info.plist;
				INFOPLIST_KEY_UIApplicationSupportsIndirectInputEvents = YES;
				INFOPLIST_KEY_UILaunchStoryboardName = LaunchScreen;
				INFOPLIST_KEY_UIMainStoryboardFile = Main;
				INFOPLIST_KEY_UISupportedInterfaceOrientations_iPad = "UIInterfaceOrientationPortrait UIInterfaceOrientationPortraitUpsideDown UIInterfaceOrientationLandscapeLeft UIInterfaceOrientationLandscapeRight";
				INFOPLIST_KEY_UISupportedInterfaceOrientations_iPhone = "UIInterfaceOrientationPortrait UIInterfaceOrientationLandscapeLeft UIInterfaceOrientationLandscapeRight";
				LD_RUNPATH_SEARCH_PATHS = (
					"$(inherited)",
					"@executable_path/Frameworks",
				);
				MARKETING_VERSION = 1.0;
				PRODUCT_BUNDLE_IDENTIFIER = ilentiy.myInstagram;
				PRODUCT_NAME = "$(TARGET_NAME)";
				SWIFT_EMIT_LOC_STRINGS = YES;
				SWIFT_VERSION = 5.0;
				TARGETED_DEVICE_FAMILY = "1,2";
			};
			name = Release;
		};
/* End XCBuildConfiguration section */

/* Begin XCConfigurationList section */
		09FCEEC728FD3A8F000F641E /* Build configuration list for PBXProject "myInstagram" */ = {
			isa = XCConfigurationList;
			buildConfigurations = (
				09FCEEDE28FD3A92000F641E /* Debug */,
				09FCEEDF28FD3A92000F641E /* Release */,
			);
			defaultConfigurationIsVisible = 0;
			defaultConfigurationName = Release;
		};
		09FCEEE028FD3A92000F641E /* Build configuration list for PBXNativeTarget "myInstagram" */ = {
			isa = XCConfigurationList;
			buildConfigurations = (
				09FCEEE128FD3A92000F641E /* Debug */,
				09FCEEE228FD3A92000F641E /* Release */,
			);
			defaultConfigurationIsVisible = 0;
			defaultConfigurationName = Release;
		};
/* End XCConfigurationList section */
	};
	rootObject = 09FCEEC428FD3A8F000F641E /* Project object */;
}
